// !$*UTF8*$!
{
	archiveVersion = 1;
	classes = {
	};
	objectVersion = 46;
	objects = {

/* Begin PBXGroup section */
		2E21F8BC1A65DA3700FF3551 = {
			isa = PBXGroup;
			children = (
			);
			sourceTree = "<group>";
		};
/* End PBXGroup section */

/* Begin PBXProject section */
		2E21F8BD1A65DA3700FF3551 /* Project object */ = {
			isa = PBXProject;
			attributes = {
				LastUpgradeCheck = 0610;
			};
			buildConfigurationList = 2E21F8C01A65DA3700FF3551 /* Build configuration list for PBXProject "flomio_ios" */;
			compatibilityVersion = "Xcode 3.2";
			developmentRegion = English;
			hasScannedForEncodings = 0;
			knownRegions = (
				en,
			);
			mainGroup = 2E21F8BC1A65DA3700FF3551;
			projectDirPath = "";
			projectRoot = "";
			targets = (
			);
		};
/* End PBXProject section */

/* Begin XCBuildConfiguration section */
		2E21F8C11A65DA3700FF3551 /* Debug */ = {
			isa = XCBuildConfiguration;
			buildSettings = {
			};
			name = Debug;
		};
		2E21F8C21A65DA3700FF3551 /* Release */ = {
			isa = XCBuildConfiguration;
			buildSettings = {
			};
			name = Release;
		};
/* End XCBuildConfiguration section */

/* Begin XCConfigurationList section */
		2E21F8C01A65DA3700FF3551 /* Build configuration list for PBXProject "flomio_ios" */ = {
			isa = XCConfigurationList;
			buildConfigurations = (
				2E21F8C11A65DA3700FF3551 /* Debug */,
				2E21F8C21A65DA3700FF3551 /* Release */,
			);
			defaultConfigurationIsVisible = 0;
			defaultConfigurationName = Release;
		};
/* End XCConfigurationList section */
	};
	rootObject = 2E21F8BD1A65DA3700FF3551 /* Project object */;
}
